
Microsoft Visual Studio Solution File, Format Version 12.00
# Visual Studio Version 17
VisualStudioVersion = 17.7.34024.191
MinimumVisualStudioVersion = 10.0.40219.1
Project("{9A19103F-16F7-4668-BE54-9A1E7A4F7556}") = "Cosm.Net", "src\core\Cosm.Net.csproj", "{CCB77128-CF1C-4E59-B9E9-A2419A035D88}"
EndProject
Project("{9A19103F-16F7-4668-BE54-9A1E7A4F7556}") = "Cosm.Net.Test", "test\Cosm.Net.Test.csproj", "{10FFBD7E-0CFB-4C4E-A18E-F9F39EA5EB34}"
EndProject
Project("{2150E333-8FDC-42A3-9474-1A3956D46DE8}") = "src", "src", "{5CA21658-0440-4F13-BB84-4D0365D5F796}"
EndProject
Project("{2150E333-8FDC-42A3-9474-1A3956D46DE8}") = "tests", "tests", "{27417F6C-7217-41BC-973E-CA365C515456}"
EndProject
Project("{2150E333-8FDC-42A3-9474-1A3956D46DE8}") = "lib", "lib", "{0E7EC6FA-D760-43E5-A7A2-68BCB9EB3489}"
	ProjectSection(SolutionItems) = preProject
		.editorconfig = .editorconfig
		lib\secp256k1.dll = lib\secp256k1.dll
	EndProjectSection
EndProject
Project("{2150E333-8FDC-42A3-9474-1A3956D46DE8}") = "bench", "bench", "{6EC174ED-9705-412B-9306-F672609D0F57}"
EndProject
Project("{9A19103F-16F7-4668-BE54-9A1E7A4F7556}") = "Cosm.Net.Bench", "bench\Cosm.Net.Bench.csproj", "{06120BF0-2A47-4BC3-900C-F592A89C7DA5}"
EndProject
Project("{9A19103F-16F7-4668-BE54-9A1E7A4F7556}") = "Cosm.Net.Generators", "gen\Cosm.Net.Generators.csproj", "{68201963-7DE8-497B-87AE-0727F3EA6719}"
EndProject
Project("{2150E333-8FDC-42A3-9474-1A3956D46DE8}") = "gen", "gen", "{51E53C22-CDD0-450C-BA6E-4215C0A32965}"
EndProject
Project("{9A19103F-16F7-4668-BE54-9A1E7A4F7556}") = "Cosm.Net.Cosmos", "src\grpc\Cosm.Net.Cosmos.csproj", "{A1ADDEEE-5D05-4343-8F51-A9FDA3058AC6}"
EndProject
Project("{FAE04EC0-301F-11D3-BF4B-00C04F79EFBC}") = "Cosm.Net.Base", "src\base\Cosm.Net.Base.csproj", "{0A917679-D952-413E-BC78-4424AF6B8F5E}"
EndProject
Global
	GlobalSection(SolutionConfigurationPlatforms) = preSolution
		Debug|Any CPU = Debug|Any CPU
		Release|Any CPU = Release|Any CPU
	EndGlobalSection
	GlobalSection(ProjectConfigurationPlatforms) = postSolution
		{CCB77128-CF1C-4E59-B9E9-A2419A035D88}.Debug|Any CPU.ActiveCfg = Debug|Any CPU
		{CCB77128-CF1C-4E59-B9E9-A2419A035D88}.Debug|Any CPU.Build.0 = Debug|Any CPU
		{CCB77128-CF1C-4E59-B9E9-A2419A035D88}.Release|Any CPU.ActiveCfg = Release|Any CPU
		{CCB77128-CF1C-4E59-B9E9-A2419A035D88}.Release|Any CPU.Build.0 = Release|Any CPU
		{10FFBD7E-0CFB-4C4E-A18E-F9F39EA5EB34}.Debug|Any CPU.ActiveCfg = Debug|Any CPU
		{10FFBD7E-0CFB-4C4E-A18E-F9F39EA5EB34}.Debug|Any CPU.Build.0 = Debug|Any CPU
		{10FFBD7E-0CFB-4C4E-A18E-F9F39EA5EB34}.Release|Any CPU.ActiveCfg = Release|Any CPU
		{10FFBD7E-0CFB-4C4E-A18E-F9F39EA5EB34}.Release|Any CPU.Build.0 = Release|Any CPU
		{06120BF0-2A47-4BC3-900C-F592A89C7DA5}.Debug|Any CPU.ActiveCfg = Debug|Any CPU
		{06120BF0-2A47-4BC3-900C-F592A89C7DA5}.Debug|Any CPU.Build.0 = Debug|Any CPU
		{06120BF0-2A47-4BC3-900C-F592A89C7DA5}.Release|Any CPU.ActiveCfg = Release|Any CPU
		{06120BF0-2A47-4BC3-900C-F592A89C7DA5}.Release|Any CPU.Build.0 = Release|Any CPU
		{68201963-7DE8-497B-87AE-0727F3EA6719}.Debug|Any CPU.ActiveCfg = Debug|Any CPU
		{68201963-7DE8-497B-87AE-0727F3EA6719}.Debug|Any CPU.Build.0 = Debug|Any CPU
		{68201963-7DE8-497B-87AE-0727F3EA6719}.Release|Any CPU.ActiveCfg = Release|Any CPU
		{68201963-7DE8-497B-87AE-0727F3EA6719}.Release|Any CPU.Build.0 = Release|Any CPU
		{A1ADDEEE-5D05-4343-8F51-A9FDA3058AC6}.Debug|Any CPU.ActiveCfg = Debug|Any CPU
		{A1ADDEEE-5D05-4343-8F51-A9FDA3058AC6}.Debug|Any CPU.Build.0 = Debug|Any CPU
		{A1ADDEEE-5D05-4343-8F51-A9FDA3058AC6}.Release|Any CPU.ActiveCfg = Release|Any CPU
		{A1ADDEEE-5D05-4343-8F51-A9FDA3058AC6}.Release|Any CPU.Build.0 = Release|Any CPU
		{0A917679-D952-413E-BC78-4424AF6B8F5E}.Debug|Any CPU.ActiveCfg = Debug|Any CPU
		{0A917679-D952-413E-BC78-4424AF6B8F5E}.Debug|Any CPU.Build.0 = Debug|Any CPU
		{0A917679-D952-413E-BC78-4424AF6B8F5E}.Release|Any CPU.ActiveCfg = Release|Any CPU
		{0A917679-D952-413E-BC78-4424AF6B8F5E}.Release|Any CPU.Build.0 = Release|Any CPU
	EndGlobalSection
	GlobalSection(SolutionProperties) = preSolution
		HideSolutionNode = FALSE
	EndGlobalSection
	GlobalSection(NestedProjects) = preSolution
		{CCB77128-CF1C-4E59-B9E9-A2419A035D88} = {5CA21658-0440-4F13-BB84-4D0365D5F796}
		{10FFBD7E-0CFB-4C4E-A18E-F9F39EA5EB34} = {27417F6C-7217-41BC-973E-CA365C515456}
		{06120BF0-2A47-4BC3-900C-F592A89C7DA5} = {6EC174ED-9705-412B-9306-F672609D0F57}
		{68201963-7DE8-497B-87AE-0727F3EA6719} = {51E53C22-CDD0-450C-BA6E-4215C0A32965}
		{A1ADDEEE-5D05-4343-8F51-A9FDA3058AC6} = {5CA21658-0440-4F13-BB84-4D0365D5F796}
		{0A917679-D952-413E-BC78-4424AF6B8F5E} = {5CA21658-0440-4F13-BB84-4D0365D5F796}
	EndGlobalSection
	GlobalSection(ExtensibilityGlobals) = postSolution
		SolutionGuid = {154FEDD7-87C3-45C1-9F74-042B4DF2D2B3}
	EndGlobalSection
EndGlobal
