
Microsoft Visual Studio Solution File, Format Version 12.00
# Visual Studio Version 17
VisualStudioVersion = 17.7.34024.191
MinimumVisualStudioVersion = 10.0.40219.1
Project("{9A19103F-16F7-4668-BE54-9A1E7A4F7556}") = "Cosm.Net.Core", "src\core\Cosm.Net.Core.csproj", "{CCB77128-CF1C-4E59-B9E9-A2419A035D88}"
EndProject
Project("{9A19103F-16F7-4668-BE54-9A1E7A4F7556}") = "Cosm.Net.Test", "test\Cosm.Net.Test.csproj", "{10FFBD7E-0CFB-4C4E-A18E-F9F39EA5EB34}"
EndProject
Project("{2150E333-8FDC-42A3-9474-1A3956D46DE8}") = "src", "src", "{5CA21658-0440-4F13-BB84-4D0365D5F796}"
EndProject
Project("{2150E333-8FDC-42A3-9474-1A3956D46DE8}") = "tests", "tests", "{27417F6C-7217-41BC-973E-CA365C515456}"
EndProject
Project("{2150E333-8FDC-42A3-9474-1A3956D46DE8}") = "lib", "lib", "{0E7EC6FA-D760-43E5-A7A2-68BCB9EB3489}"
	ProjectSection(SolutionItems) = preProject
		.editorconfig = .editorconfig
		lib\secp256k1.dll = lib\secp256k1.dll
	EndProjectSection
EndProject
Project("{2150E333-8FDC-42A3-9474-1A3956D46DE8}") = "bench", "bench", "{6EC174ED-9705-412B-9306-F672609D0F57}"
EndProject
Project("{9A19103F-16F7-4668-BE54-9A1E7A4F7556}") = "Cosm.Net.Bench", "bench\Cosm.Net.Bench.csproj", "{06120BF0-2A47-4BC3-900C-F592A89C7DA5}"
EndProject
Project("{9A19103F-16F7-4668-BE54-9A1E7A4F7556}") = "Cosm.Net.Generators.Proto", "gen\proto-module\Cosm.Net.Generators.Proto.csproj", "{68201963-7DE8-497B-87AE-0727F3EA6719}"
EndProject
Project("{2150E333-8FDC-42A3-9474-1A3956D46DE8}") = "gen", "gen", "{51E53C22-CDD0-450C-BA6E-4215C0A32965}"
EndProject
Project("{9A19103F-16F7-4668-BE54-9A1E7A4F7556}") = "Cosm.Net.CosmosHub", "src\modules\cosmos-sdk\Cosm.Net.CosmosHub.csproj", "{A1ADDEEE-5D05-4343-8F51-A9FDA3058AC6}"
EndProject
Project("{9A19103F-16F7-4668-BE54-9A1E7A4F7556}") = "Cosm.Net.Sei", "src\modules\sei\Cosm.Net.Sei.csproj", "{F0F6681F-5A05-467B-AA81-89F1F605CE1D}"
EndProject
Project("{9A19103F-16F7-4668-BE54-9A1E7A4F7556}") = "Cosm.Net.Wasm", "src\modules\wasm\Cosm.Net.Wasm.csproj", "{0A02612D-A842-46F5-8D56-E2324BB4EE75}"
EndProject
Project("{2150E333-8FDC-42A3-9474-1A3956D46DE8}") = "modules", "modules", "{756856BF-3E0E-4B95-A260-C57979EFE735}"
EndProject
Project("{9A19103F-16F7-4668-BE54-9A1E7A4F7556}") = "Cosm.Net.Osmosis", "src\modules\osmosis\Cosm.Net.Osmosis.csproj", "{4E67D931-47A2-4C5F-BB6D-9316D48913CF}"
EndProject
Project("{9A19103F-16F7-4668-BE54-9A1E7A4F7556}") = "Cosm.Net", "src\Cosm.Net\Cosm.Net.csproj", "{FFDEFF65-5A11-4089-B77D-08E12E6614B4}"
EndProject
Project("{9A19103F-16F7-4668-BE54-9A1E7A4F7556}") = "Cosm.Net.Generators.CosmWasm", "gen\wasm-schema\Cosm.Net.Generators.CosmWasm.csproj", "{ECD6B766-F3B4-4606-86E4-7068AF3413B0}"
EndProject
Project("{9A19103F-16F7-4668-BE54-9A1E7A4F7556}") = "Cosm.Net.Generators.Common", "gen\common\Cosm.Net.Generators.Common.csproj", "{8F5694EA-9149-43C8-BA4F-727E281488DB}"
EndProject
Project("{2150E333-8FDC-42A3-9474-1A3956D46DE8}") = "Solution Items", "Solution Items", "{E1C03722-E17C-456D-9346-A5F3C726F4D0}"
	ProjectSection(SolutionItems) = preProject
		README.md = README.md
	EndProjectSection
EndProject
Project("{9A19103F-16F7-4668-BE54-9A1E7A4F7556}") = "Cosm.Net.Injective", "src\modules\injective\Cosm.Net.Injective.csproj", "{D6310898-E5A9-4094-9365-6223EF6B13EC}"
EndProject
Global
	GlobalSection(SolutionConfigurationPlatforms) = preSolution
		Debug|Any CPU = Debug|Any CPU
		Release|Any CPU = Release|Any CPU
	EndGlobalSection
	GlobalSection(ProjectConfigurationPlatforms) = postSolution
		{CCB77128-CF1C-4E59-B9E9-A2419A035D88}.Debug|Any CPU.ActiveCfg = Debug|Any CPU
		{CCB77128-CF1C-4E59-B9E9-A2419A035D88}.Debug|Any CPU.Build.0 = Debug|Any CPU
		{CCB77128-CF1C-4E59-B9E9-A2419A035D88}.Release|Any CPU.ActiveCfg = Release|Any CPU
		{CCB77128-CF1C-4E59-B9E9-A2419A035D88}.Release|Any CPU.Build.0 = Release|Any CPU
		{10FFBD7E-0CFB-4C4E-A18E-F9F39EA5EB34}.Debug|Any CPU.ActiveCfg = Debug|Any CPU
		{10FFBD7E-0CFB-4C4E-A18E-F9F39EA5EB34}.Debug|Any CPU.Build.0 = Debug|Any CPU
		{10FFBD7E-0CFB-4C4E-A18E-F9F39EA5EB34}.Release|Any CPU.ActiveCfg = Release|Any CPU
		{10FFBD7E-0CFB-4C4E-A18E-F9F39EA5EB34}.Release|Any CPU.Build.0 = Release|Any CPU
		{06120BF0-2A47-4BC3-900C-F592A89C7DA5}.Debug|Any CPU.ActiveCfg = Debug|Any CPU
		{06120BF0-2A47-4BC3-900C-F592A89C7DA5}.Debug|Any CPU.Build.0 = Debug|Any CPU
		{06120BF0-2A47-4BC3-900C-F592A89C7DA5}.Release|Any CPU.ActiveCfg = Release|Any CPU
		{06120BF0-2A47-4BC3-900C-F592A89C7DA5}.Release|Any CPU.Build.0 = Release|Any CPU
		{68201963-7DE8-497B-87AE-0727F3EA6719}.Debug|Any CPU.ActiveCfg = Debug|Any CPU
		{68201963-7DE8-497B-87AE-0727F3EA6719}.Debug|Any CPU.Build.0 = Debug|Any CPU
		{68201963-7DE8-497B-87AE-0727F3EA6719}.Release|Any CPU.ActiveCfg = Release|Any CPU
		{68201963-7DE8-497B-87AE-0727F3EA6719}.Release|Any CPU.Build.0 = Release|Any CPU
		{A1ADDEEE-5D05-4343-8F51-A9FDA3058AC6}.Debug|Any CPU.ActiveCfg = Debug|Any CPU
		{A1ADDEEE-5D05-4343-8F51-A9FDA3058AC6}.Debug|Any CPU.Build.0 = Debug|Any CPU
		{A1ADDEEE-5D05-4343-8F51-A9FDA3058AC6}.Release|Any CPU.ActiveCfg = Release|Any CPU
		{A1ADDEEE-5D05-4343-8F51-A9FDA3058AC6}.Release|Any CPU.Build.0 = Release|Any CPU
		{F0F6681F-5A05-467B-AA81-89F1F605CE1D}.Debug|Any CPU.ActiveCfg = Debug|Any CPU
		{F0F6681F-5A05-467B-AA81-89F1F605CE1D}.Debug|Any CPU.Build.0 = Debug|Any CPU
		{F0F6681F-5A05-467B-AA81-89F1F605CE1D}.Release|Any CPU.ActiveCfg = Release|Any CPU
		{F0F6681F-5A05-467B-AA81-89F1F605CE1D}.Release|Any CPU.Build.0 = Release|Any CPU
		{0A02612D-A842-46F5-8D56-E2324BB4EE75}.Debug|Any CPU.ActiveCfg = Debug|Any CPU
		{0A02612D-A842-46F5-8D56-E2324BB4EE75}.Debug|Any CPU.Build.0 = Debug|Any CPU
		{0A02612D-A842-46F5-8D56-E2324BB4EE75}.Release|Any CPU.ActiveCfg = Release|Any CPU
		{0A02612D-A842-46F5-8D56-E2324BB4EE75}.Release|Any CPU.Build.0 = Release|Any CPU
		{4E67D931-47A2-4C5F-BB6D-9316D48913CF}.Debug|Any CPU.ActiveCfg = Debug|Any CPU
		{4E67D931-47A2-4C5F-BB6D-9316D48913CF}.Debug|Any CPU.Build.0 = Debug|Any CPU
		{4E67D931-47A2-4C5F-BB6D-9316D48913CF}.Release|Any CPU.ActiveCfg = Release|Any CPU
		{4E67D931-47A2-4C5F-BB6D-9316D48913CF}.Release|Any CPU.Build.0 = Release|Any CPU
		{FFDEFF65-5A11-4089-B77D-08E12E6614B4}.Debug|Any CPU.ActiveCfg = Debug|Any CPU
		{FFDEFF65-5A11-4089-B77D-08E12E6614B4}.Debug|Any CPU.Build.0 = Debug|Any CPU
		{FFDEFF65-5A11-4089-B77D-08E12E6614B4}.Release|Any CPU.ActiveCfg = Release|Any CPU
		{FFDEFF65-5A11-4089-B77D-08E12E6614B4}.Release|Any CPU.Build.0 = Release|Any CPU
		{ECD6B766-F3B4-4606-86E4-7068AF3413B0}.Debug|Any CPU.ActiveCfg = Debug|Any CPU
		{ECD6B766-F3B4-4606-86E4-7068AF3413B0}.Debug|Any CPU.Build.0 = Debug|Any CPU
		{ECD6B766-F3B4-4606-86E4-7068AF3413B0}.Release|Any CPU.ActiveCfg = Release|Any CPU
		{ECD6B766-F3B4-4606-86E4-7068AF3413B0}.Release|Any CPU.Build.0 = Release|Any CPU
		{8F5694EA-9149-43C8-BA4F-727E281488DB}.Debug|Any CPU.ActiveCfg = Debug|Any CPU
		{8F5694EA-9149-43C8-BA4F-727E281488DB}.Debug|Any CPU.Build.0 = Debug|Any CPU
		{8F5694EA-9149-43C8-BA4F-727E281488DB}.Release|Any CPU.ActiveCfg = Release|Any CPU
		{8F5694EA-9149-43C8-BA4F-727E281488DB}.Release|Any CPU.Build.0 = Release|Any CPU
		{D6310898-E5A9-4094-9365-6223EF6B13EC}.Debug|Any CPU.ActiveCfg = Debug|Any CPU
		{D6310898-E5A9-4094-9365-6223EF6B13EC}.Debug|Any CPU.Build.0 = Debug|Any CPU
		{D6310898-E5A9-4094-9365-6223EF6B13EC}.Release|Any CPU.ActiveCfg = Release|Any CPU
		{D6310898-E5A9-4094-9365-6223EF6B13EC}.Release|Any CPU.Build.0 = Release|Any CPU
	EndGlobalSection
	GlobalSection(SolutionProperties) = preSolution
		HideSolutionNode = FALSE
	EndGlobalSection
	GlobalSection(NestedProjects) = preSolution
		{CCB77128-CF1C-4E59-B9E9-A2419A035D88} = {5CA21658-0440-4F13-BB84-4D0365D5F796}
		{10FFBD7E-0CFB-4C4E-A18E-F9F39EA5EB34} = {27417F6C-7217-41BC-973E-CA365C515456}
		{06120BF0-2A47-4BC3-900C-F592A89C7DA5} = {6EC174ED-9705-412B-9306-F672609D0F57}
		{68201963-7DE8-497B-87AE-0727F3EA6719} = {51E53C22-CDD0-450C-BA6E-4215C0A32965}
		{A1ADDEEE-5D05-4343-8F51-A9FDA3058AC6} = {756856BF-3E0E-4B95-A260-C57979EFE735}
		{F0F6681F-5A05-467B-AA81-89F1F605CE1D} = {756856BF-3E0E-4B95-A260-C57979EFE735}
		{0A02612D-A842-46F5-8D56-E2324BB4EE75} = {756856BF-3E0E-4B95-A260-C57979EFE735}
		{756856BF-3E0E-4B95-A260-C57979EFE735} = {5CA21658-0440-4F13-BB84-4D0365D5F796}
		{4E67D931-47A2-4C5F-BB6D-9316D48913CF} = {756856BF-3E0E-4B95-A260-C57979EFE735}
		{FFDEFF65-5A11-4089-B77D-08E12E6614B4} = {5CA21658-0440-4F13-BB84-4D0365D5F796}
		{ECD6B766-F3B4-4606-86E4-7068AF3413B0} = {51E53C22-CDD0-450C-BA6E-4215C0A32965}
		{8F5694EA-9149-43C8-BA4F-727E281488DB} = {51E53C22-CDD0-450C-BA6E-4215C0A32965}
		{D6310898-E5A9-4094-9365-6223EF6B13EC} = {756856BF-3E0E-4B95-A260-C57979EFE735}
	EndGlobalSection
	GlobalSection(ExtensibilityGlobals) = postSolution
		SolutionGuid = {154FEDD7-87C3-45C1-9F74-042B4DF2D2B3}
	EndGlobalSection
EndGlobal
