
Microsoft Visual Studio Solution File, Format Version 12.00
# Visual Studio Version 17
VisualStudioVersion = 17.7.34024.191
MinimumVisualStudioVersion = 10.0.40219.1
Project("{9A19103F-16F7-4668-BE54-9A1E7A4F7556}") = "Cosm.Net.Core", "src\core\Cosm.Net.Core.csproj", "{CCB77128-CF1C-4E59-B9E9-A2419A035D88}"
EndProject
Project("{9A19103F-16F7-4668-BE54-9A1E7A4F7556}") = "Cosm.Net.Test", "test\Cosm.Net.Test.csproj", "{10FFBD7E-0CFB-4C4E-A18E-F9F39EA5EB34}"
EndProject
Project("{2150E333-8FDC-42A3-9474-1A3956D46DE8}") = "src", "src", "{5CA21658-0440-4F13-BB84-4D0365D5F796}"
EndProject
Project("{2150E333-8FDC-42A3-9474-1A3956D46DE8}") = "tests", "tests", "{27417F6C-7217-41BC-973E-CA365C515456}"
EndProject
Project("{2150E333-8FDC-42A3-9474-1A3956D46DE8}") = "lib", "lib", "{0E7EC6FA-D760-43E5-A7A2-68BCB9EB3489}"
	ProjectSection(SolutionItems) = preProject
		.editorconfig = .editorconfig
		lib\secp256k1.dll = lib\secp256k1.dll
	EndProjectSection
EndProject
Project("{2150E333-8FDC-42A3-9474-1A3956D46DE8}") = "bench", "bench", "{6EC174ED-9705-412B-9306-F672609D0F57}"
EndProject
Project("{9A19103F-16F7-4668-BE54-9A1E7A4F7556}") = "Cosm.Net.Bench", "bench\Cosm.Net.Bench.csproj", "{06120BF0-2A47-4BC3-900C-F592A89C7DA5}"
EndProject
Project("{9A19103F-16F7-4668-BE54-9A1E7A4F7556}") = "Cosm.Net.Generators.Proto", "gen\proto-module\Cosm.Net.Generators.Proto.csproj", "{68201963-7DE8-497B-87AE-0727F3EA6719}"
EndProject
Project("{2150E333-8FDC-42A3-9474-1A3956D46DE8}") = "gen", "gen", "{51E53C22-CDD0-450C-BA6E-4215C0A32965}"
EndProject
Project("{9A19103F-16F7-4668-BE54-9A1E7A4F7556}") = "Cosm.Net.Gaia", "src\modules\gaia\Cosm.Net.Gaia.csproj", "{A1ADDEEE-5D05-4343-8F51-A9FDA3058AC6}"
EndProject
Project("{9A19103F-16F7-4668-BE54-9A1E7A4F7556}") = "Cosm.Net.Sei", "src\modules\sei\Cosm.Net.Sei.csproj", "{F0F6681F-5A05-467B-AA81-89F1F605CE1D}"
EndProject
Project("{2150E333-8FDC-42A3-9474-1A3956D46DE8}") = "modules", "modules", "{756856BF-3E0E-4B95-A260-C57979EFE735}"
EndProject
Project("{9A19103F-16F7-4668-BE54-9A1E7A4F7556}") = "Cosm.Net.Osmosis", "src\modules\osmosis\Cosm.Net.Osmosis.csproj", "{4E67D931-47A2-4C5F-BB6D-9316D48913CF}"
EndProject
Project("{9A19103F-16F7-4668-BE54-9A1E7A4F7556}") = "Cosm.Net", "src\Cosm.Net\Cosm.Net.csproj", "{FFDEFF65-5A11-4089-B77D-08E12E6614B4}"
EndProject
Project("{9A19103F-16F7-4668-BE54-9A1E7A4F7556}") = "Cosm.Net.Generators.CosmWasm", "gen\wasm-schema\Cosm.Net.Generators.CosmWasm.csproj", "{ECD6B766-F3B4-4606-86E4-7068AF3413B0}"
EndProject
Project("{9A19103F-16F7-4668-BE54-9A1E7A4F7556}") = "Cosm.Net.Generators.Common", "gen\common\Cosm.Net.Generators.Common.csproj", "{8F5694EA-9149-43C8-BA4F-727E281488DB}"
EndProject
Project("{2150E333-8FDC-42A3-9474-1A3956D46DE8}") = "Solution Items", "Solution Items", "{E1C03722-E17C-456D-9346-A5F3C726F4D0}"
	ProjectSection(SolutionItems) = preProject
		README.md = README.md
	EndProjectSection
EndProject
Project("{9A19103F-16F7-4668-BE54-9A1E7A4F7556}") = "Cosm.Net.Injective", "src\modules\injective\Cosm.Net.Injective.csproj", "{D6310898-E5A9-4094-9365-6223EF6B13EC}"
EndProject
Project("{9A19103F-16F7-4668-BE54-9A1E7A4F7556}") = "Cosm.Net.Secret", "src\modules\secret\Cosm.Net.Secret.csproj", "{EB3CF770-6E0B-48A9-8416-86BD486AEF9A}"
EndProject
Project("{9A19103F-16F7-4668-BE54-9A1E7A4F7556}") = "Cosm.Net.Noble", "src\modules\noble\Cosm.Net.Noble.csproj", "{EF1CA638-ABF4-48D2-BD3C-1603DC940E4C}"
EndProject
Project("{9A19103F-16F7-4668-BE54-9A1E7A4F7556}") = "Cosm.Net.Stride", "src\modules\stride\Cosm.Net.Stride.csproj", "{0947DD33-82E9-45D7-A5C1-8E75781CF2D3}"
EndProject
Project("{9A19103F-16F7-4668-BE54-9A1E7A4F7556}") = "Cosm.Net.Neutron", "src\modules\neutron\Cosm.Net.Neutron.csproj", "{8454713D-4982-451D-A81A-D1A28EB7026C}"
EndProject
Project("{9A19103F-16F7-4668-BE54-9A1E7A4F7556}") = "Cosm.Net.Axelar", "src\modules\axelar\Cosm.Net.Axelar.csproj", "{2AF998A5-81AF-4078-874A-4E7F8C5AD248}"
EndProject
Project("{9A19103F-16F7-4668-BE54-9A1E7A4F7556}") = "Cosm.Net.Terra", "src\modules\terra\Cosm.Net.Terra.csproj", "{F986A39E-CB05-44CF-AC52-03FA624DB0CE}"
EndProject
Project("{9A19103F-16F7-4668-BE54-9A1E7A4F7556}") = "Cosm.Net.DyDx", "src\modules\dydx\Cosm.Net.DyDx.csproj", "{6F4F79D6-0A86-49A8-B9C1-90AEB840B44E}"
EndProject
Project("{9A19103F-16F7-4668-BE54-9A1E7A4F7556}") = "Cosm.Net.Andromeda", "src\modules\andromeda\Cosm.Net.Andromeda.csproj", "{040E7CE6-8E24-49AC-8CD9-36AD7CE86E7B}"
EndProject
Project("{9A19103F-16F7-4668-BE54-9A1E7A4F7556}") = "Cosm.Net.Composable", "src\modules\composable\Cosm.Net.Composable.csproj", "{FD371C6B-74F8-4BAA-9AE0-8BDB634DB606}"
EndProject
Project("{9A19103F-16F7-4668-BE54-9A1E7A4F7556}") = "Cosm.Net.Kava", "src\modules\kava\Cosm.Net.Kava.csproj", "{21A044F3-B5AA-466B-9E61-D85ECCF119A7}"
EndProject
Project("{9A19103F-16F7-4668-BE54-9A1E7A4F7556}") = "Cosm.Net.Mars", "src\modules\mars\Cosm.Net.Mars.csproj", "{A9BD9E52-4808-4B9A-A339-C06319CE9D00}"
EndProject
Project("{9A19103F-16F7-4668-BE54-9A1E7A4F7556}") = "Cosm.Net.Juno", "src\modules\juno\Cosm.Net.Juno.csproj", "{CD3B9633-BB89-4F2E-8489-930E1F5D6AC1}"
EndProject
Project("{9A19103F-16F7-4668-BE54-9A1E7A4F7556}") = "Cosm.Net.Chihuahua", "src\modules\chihuahua\Cosm.Net.Chihuahua.csproj", "{8D0CF92E-C0E2-4BD4-B33C-82E0176AFA10}"
EndProject
Project("{9A19103F-16F7-4668-BE54-9A1E7A4F7556}") = "Cosm.Net.Orai", "src\modules\orai\Cosm.Net.Orai.csproj", "{6E63B6E9-1CF7-4127-94CA-C54F7DF157C9}"
EndProject
Project("{9A19103F-16F7-4668-BE54-9A1E7A4F7556}") = "Cosm.Net.Dymension", "src\modules\dymension\Cosm.Net.Dymension.csproj", "{3680002F-CCD1-4F39-83AB-57696F8B015F}"
EndProject
Project("{9A19103F-16F7-4668-BE54-9A1E7A4F7556}") = "Cosm.Net.Persistence", "src\modules\persistence\Cosm.Net.Persistence.csproj", "{B5020D82-D569-4B4B-AFA6-9F7AC1ED0736}"
EndProject
Project("{9A19103F-16F7-4668-BE54-9A1E7A4F7556}") = "Cosm.Net.Migaloo", "src\modules\migaloo\Cosm.Net.Migaloo.csproj", "{8434157D-CB10-47F5-9F4E-95B8D4D76267}"
EndProject
Project("{9A19103F-16F7-4668-BE54-9A1E7A4F7556}") = "Cosm.Net.Kujira", "src\modules\kujira\Cosm.Net.Kujira.csproj", "{CE9A2BE3-8106-49AC-B442-CB1959005638}"
EndProject
Project("{9A19103F-16F7-4668-BE54-9A1E7A4F7556}") = "Cosm.Net.Archway", "src\modules\archway\Cosm.Net.Archway.csproj", "{F3EB38DF-0A14-443D-9E3E-872A468CA25B}"
EndProject
Project("{9A19103F-16F7-4668-BE54-9A1E7A4F7556}") = "Cosm.Net.Akash", "src\modules\akash\Cosm.Net.Akash.csproj", "{9BA54E4C-F18F-4223-AE8B-743830A38E50}"
EndProject
Project("{9A19103F-16F7-4668-BE54-9A1E7A4F7556}") = "Cosm.Net.Jackal", "src\modules\jackal\Cosm.Net.Jackal.csproj", "{C8A7C275-E2C1-448B-8D2B-6E9B438B9FFF}"
EndProject
Project("{9A19103F-16F7-4668-BE54-9A1E7A4F7556}") = "Cosm.Net.Nolus", "src\modules\nolus\Cosm.Net.Nolus.csproj", "{D561120F-C787-4F7A-82BE-D4356F80D68B}"
EndProject
Project("{9A19103F-16F7-4668-BE54-9A1E7A4F7556}") = "Cosm.Net.Comdex", "src\modules\comdex\Cosm.Net.Comdex.csproj", "{FACB4173-95D2-4DD9-BD2E-A1D2DEDFE279}"
EndProject
Project("{9A19103F-16F7-4668-BE54-9A1E7A4F7556}") = "Cosm.Net.Agoric", "src\modules\agoric\Cosm.Net.Agoric.csproj", "{4F968315-52BD-4AF6-B7B4-338B52227C7E}"
EndProject
Project("{9A19103F-16F7-4668-BE54-9A1E7A4F7556}") = "Cosm.Net.Cudos", "src\modules\cudos\Cosm.Net.Cudos.csproj", "{40763E6C-475B-472E-989E-DDF1EF4642F0}"
EndProject
Project("{9A19103F-16F7-4668-BE54-9A1E7A4F7556}") = "Cosm.Net.Planq", "src\modules\planq\Cosm.Net.Planq.csproj", "{CB51B6EE-8BA5-4839-9A8A-401172E42E92}"
EndProject
Project("{9A19103F-16F7-4668-BE54-9A1E7A4F7556}") = "Cosm.Net.Decentr", "src\modules\decentr\Cosm.Net.Decentr.csproj", "{491832FB-1039-46BA-B70A-74122E49693C}"
EndProject
Project("{FAE04EC0-301F-11D3-BF4B-00C04F79EFBC}") = "Cosm.Net.GravityBridge", "src\modules\gravity-bridge\Cosm.Net.GravityBridge.csproj", "{6D9209E9-560C-4DC0-A577-894D32A0C983}"
EndProject
Global
	GlobalSection(SolutionConfigurationPlatforms) = preSolution
		Debug|Any CPU = Debug|Any CPU
		Release|Any CPU = Release|Any CPU
	EndGlobalSection
	GlobalSection(ProjectConfigurationPlatforms) = postSolution
		{CCB77128-CF1C-4E59-B9E9-A2419A035D88}.Debug|Any CPU.ActiveCfg = Debug|Any CPU
		{CCB77128-CF1C-4E59-B9E9-A2419A035D88}.Debug|Any CPU.Build.0 = Debug|Any CPU
		{CCB77128-CF1C-4E59-B9E9-A2419A035D88}.Release|Any CPU.ActiveCfg = Release|Any CPU
		{CCB77128-CF1C-4E59-B9E9-A2419A035D88}.Release|Any CPU.Build.0 = Release|Any CPU
		{10FFBD7E-0CFB-4C4E-A18E-F9F39EA5EB34}.Debug|Any CPU.ActiveCfg = Debug|Any CPU
		{10FFBD7E-0CFB-4C4E-A18E-F9F39EA5EB34}.Debug|Any CPU.Build.0 = Debug|Any CPU
		{10FFBD7E-0CFB-4C4E-A18E-F9F39EA5EB34}.Release|Any CPU.ActiveCfg = Release|Any CPU
		{10FFBD7E-0CFB-4C4E-A18E-F9F39EA5EB34}.Release|Any CPU.Build.0 = Release|Any CPU
		{06120BF0-2A47-4BC3-900C-F592A89C7DA5}.Debug|Any CPU.ActiveCfg = Debug|Any CPU
		{06120BF0-2A47-4BC3-900C-F592A89C7DA5}.Debug|Any CPU.Build.0 = Debug|Any CPU
		{06120BF0-2A47-4BC3-900C-F592A89C7DA5}.Release|Any CPU.ActiveCfg = Release|Any CPU
		{06120BF0-2A47-4BC3-900C-F592A89C7DA5}.Release|Any CPU.Build.0 = Release|Any CPU
		{68201963-7DE8-497B-87AE-0727F3EA6719}.Debug|Any CPU.ActiveCfg = Debug|Any CPU
		{68201963-7DE8-497B-87AE-0727F3EA6719}.Debug|Any CPU.Build.0 = Debug|Any CPU
		{68201963-7DE8-497B-87AE-0727F3EA6719}.Release|Any CPU.ActiveCfg = Release|Any CPU
		{68201963-7DE8-497B-87AE-0727F3EA6719}.Release|Any CPU.Build.0 = Release|Any CPU
		{A1ADDEEE-5D05-4343-8F51-A9FDA3058AC6}.Debug|Any CPU.ActiveCfg = Debug|Any CPU
		{A1ADDEEE-5D05-4343-8F51-A9FDA3058AC6}.Debug|Any CPU.Build.0 = Debug|Any CPU
		{A1ADDEEE-5D05-4343-8F51-A9FDA3058AC6}.Release|Any CPU.ActiveCfg = Release|Any CPU
		{A1ADDEEE-5D05-4343-8F51-A9FDA3058AC6}.Release|Any CPU.Build.0 = Release|Any CPU
		{F0F6681F-5A05-467B-AA81-89F1F605CE1D}.Debug|Any CPU.ActiveCfg = Debug|Any CPU
		{F0F6681F-5A05-467B-AA81-89F1F605CE1D}.Debug|Any CPU.Build.0 = Debug|Any CPU
		{F0F6681F-5A05-467B-AA81-89F1F605CE1D}.Release|Any CPU.ActiveCfg = Release|Any CPU
		{F0F6681F-5A05-467B-AA81-89F1F605CE1D}.Release|Any CPU.Build.0 = Release|Any CPU
		{4E67D931-47A2-4C5F-BB6D-9316D48913CF}.Debug|Any CPU.ActiveCfg = Debug|Any CPU
		{4E67D931-47A2-4C5F-BB6D-9316D48913CF}.Debug|Any CPU.Build.0 = Debug|Any CPU
		{4E67D931-47A2-4C5F-BB6D-9316D48913CF}.Release|Any CPU.ActiveCfg = Release|Any CPU
		{4E67D931-47A2-4C5F-BB6D-9316D48913CF}.Release|Any CPU.Build.0 = Release|Any CPU
		{FFDEFF65-5A11-4089-B77D-08E12E6614B4}.Debug|Any CPU.ActiveCfg = Debug|Any CPU
		{FFDEFF65-5A11-4089-B77D-08E12E6614B4}.Debug|Any CPU.Build.0 = Debug|Any CPU
		{FFDEFF65-5A11-4089-B77D-08E12E6614B4}.Release|Any CPU.ActiveCfg = Release|Any CPU
		{FFDEFF65-5A11-4089-B77D-08E12E6614B4}.Release|Any CPU.Build.0 = Release|Any CPU
		{ECD6B766-F3B4-4606-86E4-7068AF3413B0}.Debug|Any CPU.ActiveCfg = Debug|Any CPU
		{ECD6B766-F3B4-4606-86E4-7068AF3413B0}.Debug|Any CPU.Build.0 = Debug|Any CPU
		{ECD6B766-F3B4-4606-86E4-7068AF3413B0}.Release|Any CPU.ActiveCfg = Release|Any CPU
		{ECD6B766-F3B4-4606-86E4-7068AF3413B0}.Release|Any CPU.Build.0 = Release|Any CPU
		{8F5694EA-9149-43C8-BA4F-727E281488DB}.Debug|Any CPU.ActiveCfg = Debug|Any CPU
		{8F5694EA-9149-43C8-BA4F-727E281488DB}.Debug|Any CPU.Build.0 = Debug|Any CPU
		{8F5694EA-9149-43C8-BA4F-727E281488DB}.Release|Any CPU.ActiveCfg = Release|Any CPU
		{8F5694EA-9149-43C8-BA4F-727E281488DB}.Release|Any CPU.Build.0 = Release|Any CPU
		{D6310898-E5A9-4094-9365-6223EF6B13EC}.Debug|Any CPU.ActiveCfg = Debug|Any CPU
		{D6310898-E5A9-4094-9365-6223EF6B13EC}.Debug|Any CPU.Build.0 = Debug|Any CPU
		{D6310898-E5A9-4094-9365-6223EF6B13EC}.Release|Any CPU.ActiveCfg = Release|Any CPU
		{D6310898-E5A9-4094-9365-6223EF6B13EC}.Release|Any CPU.Build.0 = Release|Any CPU
		{EB3CF770-6E0B-48A9-8416-86BD486AEF9A}.Debug|Any CPU.ActiveCfg = Debug|Any CPU
		{EB3CF770-6E0B-48A9-8416-86BD486AEF9A}.Debug|Any CPU.Build.0 = Debug|Any CPU
		{EB3CF770-6E0B-48A9-8416-86BD486AEF9A}.Release|Any CPU.ActiveCfg = Release|Any CPU
		{EB3CF770-6E0B-48A9-8416-86BD486AEF9A}.Release|Any CPU.Build.0 = Release|Any CPU
		{EF1CA638-ABF4-48D2-BD3C-1603DC940E4C}.Debug|Any CPU.ActiveCfg = Debug|Any CPU
		{EF1CA638-ABF4-48D2-BD3C-1603DC940E4C}.Debug|Any CPU.Build.0 = Debug|Any CPU
		{EF1CA638-ABF4-48D2-BD3C-1603DC940E4C}.Release|Any CPU.ActiveCfg = Release|Any CPU
		{EF1CA638-ABF4-48D2-BD3C-1603DC940E4C}.Release|Any CPU.Build.0 = Release|Any CPU
		{0947DD33-82E9-45D7-A5C1-8E75781CF2D3}.Debug|Any CPU.ActiveCfg = Debug|Any CPU
		{0947DD33-82E9-45D7-A5C1-8E75781CF2D3}.Debug|Any CPU.Build.0 = Debug|Any CPU
		{0947DD33-82E9-45D7-A5C1-8E75781CF2D3}.Release|Any CPU.ActiveCfg = Release|Any CPU
		{0947DD33-82E9-45D7-A5C1-8E75781CF2D3}.Release|Any CPU.Build.0 = Release|Any CPU
		{8454713D-4982-451D-A81A-D1A28EB7026C}.Debug|Any CPU.ActiveCfg = Debug|Any CPU
		{8454713D-4982-451D-A81A-D1A28EB7026C}.Debug|Any CPU.Build.0 = Debug|Any CPU
		{8454713D-4982-451D-A81A-D1A28EB7026C}.Release|Any CPU.ActiveCfg = Release|Any CPU
		{8454713D-4982-451D-A81A-D1A28EB7026C}.Release|Any CPU.Build.0 = Release|Any CPU
		{2AF998A5-81AF-4078-874A-4E7F8C5AD248}.Debug|Any CPU.ActiveCfg = Debug|Any CPU
		{2AF998A5-81AF-4078-874A-4E7F8C5AD248}.Debug|Any CPU.Build.0 = Debug|Any CPU
		{2AF998A5-81AF-4078-874A-4E7F8C5AD248}.Release|Any CPU.ActiveCfg = Release|Any CPU
		{2AF998A5-81AF-4078-874A-4E7F8C5AD248}.Release|Any CPU.Build.0 = Release|Any CPU
		{F986A39E-CB05-44CF-AC52-03FA624DB0CE}.Debug|Any CPU.ActiveCfg = Debug|Any CPU
		{F986A39E-CB05-44CF-AC52-03FA624DB0CE}.Debug|Any CPU.Build.0 = Debug|Any CPU
		{F986A39E-CB05-44CF-AC52-03FA624DB0CE}.Release|Any CPU.ActiveCfg = Release|Any CPU
		{F986A39E-CB05-44CF-AC52-03FA624DB0CE}.Release|Any CPU.Build.0 = Release|Any CPU
		{6F4F79D6-0A86-49A8-B9C1-90AEB840B44E}.Debug|Any CPU.ActiveCfg = Debug|Any CPU
		{6F4F79D6-0A86-49A8-B9C1-90AEB840B44E}.Debug|Any CPU.Build.0 = Debug|Any CPU
		{6F4F79D6-0A86-49A8-B9C1-90AEB840B44E}.Release|Any CPU.ActiveCfg = Release|Any CPU
		{6F4F79D6-0A86-49A8-B9C1-90AEB840B44E}.Release|Any CPU.Build.0 = Release|Any CPU
		{040E7CE6-8E24-49AC-8CD9-36AD7CE86E7B}.Debug|Any CPU.ActiveCfg = Debug|Any CPU
		{040E7CE6-8E24-49AC-8CD9-36AD7CE86E7B}.Debug|Any CPU.Build.0 = Debug|Any CPU
		{040E7CE6-8E24-49AC-8CD9-36AD7CE86E7B}.Release|Any CPU.ActiveCfg = Release|Any CPU
		{040E7CE6-8E24-49AC-8CD9-36AD7CE86E7B}.Release|Any CPU.Build.0 = Release|Any CPU
		{FD371C6B-74F8-4BAA-9AE0-8BDB634DB606}.Debug|Any CPU.ActiveCfg = Debug|Any CPU
		{FD371C6B-74F8-4BAA-9AE0-8BDB634DB606}.Debug|Any CPU.Build.0 = Debug|Any CPU
		{FD371C6B-74F8-4BAA-9AE0-8BDB634DB606}.Release|Any CPU.ActiveCfg = Release|Any CPU
		{FD371C6B-74F8-4BAA-9AE0-8BDB634DB606}.Release|Any CPU.Build.0 = Release|Any CPU
		{21A044F3-B5AA-466B-9E61-D85ECCF119A7}.Debug|Any CPU.ActiveCfg = Debug|Any CPU
		{21A044F3-B5AA-466B-9E61-D85ECCF119A7}.Debug|Any CPU.Build.0 = Debug|Any CPU
		{21A044F3-B5AA-466B-9E61-D85ECCF119A7}.Release|Any CPU.ActiveCfg = Release|Any CPU
		{21A044F3-B5AA-466B-9E61-D85ECCF119A7}.Release|Any CPU.Build.0 = Release|Any CPU
		{A9BD9E52-4808-4B9A-A339-C06319CE9D00}.Debug|Any CPU.ActiveCfg = Debug|Any CPU
		{A9BD9E52-4808-4B9A-A339-C06319CE9D00}.Debug|Any CPU.Build.0 = Debug|Any CPU
		{A9BD9E52-4808-4B9A-A339-C06319CE9D00}.Release|Any CPU.ActiveCfg = Release|Any CPU
		{A9BD9E52-4808-4B9A-A339-C06319CE9D00}.Release|Any CPU.Build.0 = Release|Any CPU
		{CD3B9633-BB89-4F2E-8489-930E1F5D6AC1}.Debug|Any CPU.ActiveCfg = Debug|Any CPU
		{CD3B9633-BB89-4F2E-8489-930E1F5D6AC1}.Debug|Any CPU.Build.0 = Debug|Any CPU
		{CD3B9633-BB89-4F2E-8489-930E1F5D6AC1}.Release|Any CPU.ActiveCfg = Release|Any CPU
		{CD3B9633-BB89-4F2E-8489-930E1F5D6AC1}.Release|Any CPU.Build.0 = Release|Any CPU
		{8D0CF92E-C0E2-4BD4-B33C-82E0176AFA10}.Debug|Any CPU.ActiveCfg = Debug|Any CPU
		{8D0CF92E-C0E2-4BD4-B33C-82E0176AFA10}.Debug|Any CPU.Build.0 = Debug|Any CPU
		{8D0CF92E-C0E2-4BD4-B33C-82E0176AFA10}.Release|Any CPU.ActiveCfg = Release|Any CPU
		{8D0CF92E-C0E2-4BD4-B33C-82E0176AFA10}.Release|Any CPU.Build.0 = Release|Any CPU
		{6E63B6E9-1CF7-4127-94CA-C54F7DF157C9}.Debug|Any CPU.ActiveCfg = Debug|Any CPU
		{6E63B6E9-1CF7-4127-94CA-C54F7DF157C9}.Debug|Any CPU.Build.0 = Debug|Any CPU
		{6E63B6E9-1CF7-4127-94CA-C54F7DF157C9}.Release|Any CPU.ActiveCfg = Release|Any CPU
		{6E63B6E9-1CF7-4127-94CA-C54F7DF157C9}.Release|Any CPU.Build.0 = Release|Any CPU
		{3680002F-CCD1-4F39-83AB-57696F8B015F}.Debug|Any CPU.ActiveCfg = Debug|Any CPU
		{3680002F-CCD1-4F39-83AB-57696F8B015F}.Debug|Any CPU.Build.0 = Debug|Any CPU
		{3680002F-CCD1-4F39-83AB-57696F8B015F}.Release|Any CPU.ActiveCfg = Release|Any CPU
		{3680002F-CCD1-4F39-83AB-57696F8B015F}.Release|Any CPU.Build.0 = Release|Any CPU
		{B5020D82-D569-4B4B-AFA6-9F7AC1ED0736}.Debug|Any CPU.ActiveCfg = Debug|Any CPU
		{B5020D82-D569-4B4B-AFA6-9F7AC1ED0736}.Debug|Any CPU.Build.0 = Debug|Any CPU
		{B5020D82-D569-4B4B-AFA6-9F7AC1ED0736}.Release|Any CPU.ActiveCfg = Release|Any CPU
		{B5020D82-D569-4B4B-AFA6-9F7AC1ED0736}.Release|Any CPU.Build.0 = Release|Any CPU
		{8434157D-CB10-47F5-9F4E-95B8D4D76267}.Debug|Any CPU.ActiveCfg = Debug|Any CPU
		{8434157D-CB10-47F5-9F4E-95B8D4D76267}.Debug|Any CPU.Build.0 = Debug|Any CPU
		{8434157D-CB10-47F5-9F4E-95B8D4D76267}.Release|Any CPU.ActiveCfg = Release|Any CPU
		{8434157D-CB10-47F5-9F4E-95B8D4D76267}.Release|Any CPU.Build.0 = Release|Any CPU
		{CE9A2BE3-8106-49AC-B442-CB1959005638}.Debug|Any CPU.ActiveCfg = Debug|Any CPU
		{CE9A2BE3-8106-49AC-B442-CB1959005638}.Debug|Any CPU.Build.0 = Debug|Any CPU
		{CE9A2BE3-8106-49AC-B442-CB1959005638}.Release|Any CPU.ActiveCfg = Release|Any CPU
		{CE9A2BE3-8106-49AC-B442-CB1959005638}.Release|Any CPU.Build.0 = Release|Any CPU
		{F3EB38DF-0A14-443D-9E3E-872A468CA25B}.Debug|Any CPU.ActiveCfg = Debug|Any CPU
		{F3EB38DF-0A14-443D-9E3E-872A468CA25B}.Debug|Any CPU.Build.0 = Debug|Any CPU
		{F3EB38DF-0A14-443D-9E3E-872A468CA25B}.Release|Any CPU.ActiveCfg = Release|Any CPU
		{F3EB38DF-0A14-443D-9E3E-872A468CA25B}.Release|Any CPU.Build.0 = Release|Any CPU
		{9BA54E4C-F18F-4223-AE8B-743830A38E50}.Debug|Any CPU.ActiveCfg = Debug|Any CPU
		{9BA54E4C-F18F-4223-AE8B-743830A38E50}.Debug|Any CPU.Build.0 = Debug|Any CPU
		{9BA54E4C-F18F-4223-AE8B-743830A38E50}.Release|Any CPU.ActiveCfg = Release|Any CPU
		{9BA54E4C-F18F-4223-AE8B-743830A38E50}.Release|Any CPU.Build.0 = Release|Any CPU
		{C8A7C275-E2C1-448B-8D2B-6E9B438B9FFF}.Debug|Any CPU.ActiveCfg = Debug|Any CPU
		{C8A7C275-E2C1-448B-8D2B-6E9B438B9FFF}.Debug|Any CPU.Build.0 = Debug|Any CPU
		{C8A7C275-E2C1-448B-8D2B-6E9B438B9FFF}.Release|Any CPU.ActiveCfg = Release|Any CPU
		{C8A7C275-E2C1-448B-8D2B-6E9B438B9FFF}.Release|Any CPU.Build.0 = Release|Any CPU
		{D561120F-C787-4F7A-82BE-D4356F80D68B}.Debug|Any CPU.ActiveCfg = Debug|Any CPU
		{D561120F-C787-4F7A-82BE-D4356F80D68B}.Debug|Any CPU.Build.0 = Debug|Any CPU
		{D561120F-C787-4F7A-82BE-D4356F80D68B}.Release|Any CPU.ActiveCfg = Release|Any CPU
		{D561120F-C787-4F7A-82BE-D4356F80D68B}.Release|Any CPU.Build.0 = Release|Any CPU
		{FACB4173-95D2-4DD9-BD2E-A1D2DEDFE279}.Debug|Any CPU.ActiveCfg = Debug|Any CPU
		{FACB4173-95D2-4DD9-BD2E-A1D2DEDFE279}.Debug|Any CPU.Build.0 = Debug|Any CPU
		{FACB4173-95D2-4DD9-BD2E-A1D2DEDFE279}.Release|Any CPU.ActiveCfg = Release|Any CPU
		{FACB4173-95D2-4DD9-BD2E-A1D2DEDFE279}.Release|Any CPU.Build.0 = Release|Any CPU
		{4F968315-52BD-4AF6-B7B4-338B52227C7E}.Debug|Any CPU.ActiveCfg = Debug|Any CPU
		{4F968315-52BD-4AF6-B7B4-338B52227C7E}.Debug|Any CPU.Build.0 = Debug|Any CPU
		{4F968315-52BD-4AF6-B7B4-338B52227C7E}.Release|Any CPU.ActiveCfg = Release|Any CPU
		{4F968315-52BD-4AF6-B7B4-338B52227C7E}.Release|Any CPU.Build.0 = Release|Any CPU
		{40763E6C-475B-472E-989E-DDF1EF4642F0}.Debug|Any CPU.ActiveCfg = Debug|Any CPU
		{40763E6C-475B-472E-989E-DDF1EF4642F0}.Debug|Any CPU.Build.0 = Debug|Any CPU
		{40763E6C-475B-472E-989E-DDF1EF4642F0}.Release|Any CPU.ActiveCfg = Release|Any CPU
		{40763E6C-475B-472E-989E-DDF1EF4642F0}.Release|Any CPU.Build.0 = Release|Any CPU
		{CB51B6EE-8BA5-4839-9A8A-401172E42E92}.Debug|Any CPU.ActiveCfg = Debug|Any CPU
		{CB51B6EE-8BA5-4839-9A8A-401172E42E92}.Debug|Any CPU.Build.0 = Debug|Any CPU
		{CB51B6EE-8BA5-4839-9A8A-401172E42E92}.Release|Any CPU.ActiveCfg = Release|Any CPU
		{CB51B6EE-8BA5-4839-9A8A-401172E42E92}.Release|Any CPU.Build.0 = Release|Any CPU
		{491832FB-1039-46BA-B70A-74122E49693C}.Debug|Any CPU.ActiveCfg = Debug|Any CPU
		{491832FB-1039-46BA-B70A-74122E49693C}.Debug|Any CPU.Build.0 = Debug|Any CPU
		{491832FB-1039-46BA-B70A-74122E49693C}.Release|Any CPU.ActiveCfg = Release|Any CPU
		{491832FB-1039-46BA-B70A-74122E49693C}.Release|Any CPU.Build.0 = Release|Any CPU
		{6D9209E9-560C-4DC0-A577-894D32A0C983}.Debug|Any CPU.ActiveCfg = Debug|Any CPU
		{6D9209E9-560C-4DC0-A577-894D32A0C983}.Debug|Any CPU.Build.0 = Debug|Any CPU
		{6D9209E9-560C-4DC0-A577-894D32A0C983}.Release|Any CPU.ActiveCfg = Release|Any CPU
		{6D9209E9-560C-4DC0-A577-894D32A0C983}.Release|Any CPU.Build.0 = Release|Any CPU
	EndGlobalSection
	GlobalSection(SolutionProperties) = preSolution
		HideSolutionNode = FALSE
	EndGlobalSection
	GlobalSection(NestedProjects) = preSolution
		{CCB77128-CF1C-4E59-B9E9-A2419A035D88} = {5CA21658-0440-4F13-BB84-4D0365D5F796}
		{10FFBD7E-0CFB-4C4E-A18E-F9F39EA5EB34} = {27417F6C-7217-41BC-973E-CA365C515456}
		{06120BF0-2A47-4BC3-900C-F592A89C7DA5} = {6EC174ED-9705-412B-9306-F672609D0F57}
		{68201963-7DE8-497B-87AE-0727F3EA6719} = {51E53C22-CDD0-450C-BA6E-4215C0A32965}
		{A1ADDEEE-5D05-4343-8F51-A9FDA3058AC6} = {756856BF-3E0E-4B95-A260-C57979EFE735}
		{F0F6681F-5A05-467B-AA81-89F1F605CE1D} = {756856BF-3E0E-4B95-A260-C57979EFE735}
		{756856BF-3E0E-4B95-A260-C57979EFE735} = {5CA21658-0440-4F13-BB84-4D0365D5F796}
		{4E67D931-47A2-4C5F-BB6D-9316D48913CF} = {756856BF-3E0E-4B95-A260-C57979EFE735}
		{FFDEFF65-5A11-4089-B77D-08E12E6614B4} = {5CA21658-0440-4F13-BB84-4D0365D5F796}
		{ECD6B766-F3B4-4606-86E4-7068AF3413B0} = {51E53C22-CDD0-450C-BA6E-4215C0A32965}
		{8F5694EA-9149-43C8-BA4F-727E281488DB} = {51E53C22-CDD0-450C-BA6E-4215C0A32965}
		{D6310898-E5A9-4094-9365-6223EF6B13EC} = {756856BF-3E0E-4B95-A260-C57979EFE735}
		{EB3CF770-6E0B-48A9-8416-86BD486AEF9A} = {756856BF-3E0E-4B95-A260-C57979EFE735}
		{EF1CA638-ABF4-48D2-BD3C-1603DC940E4C} = {756856BF-3E0E-4B95-A260-C57979EFE735}
		{0947DD33-82E9-45D7-A5C1-8E75781CF2D3} = {756856BF-3E0E-4B95-A260-C57979EFE735}
		{8454713D-4982-451D-A81A-D1A28EB7026C} = {756856BF-3E0E-4B95-A260-C57979EFE735}
		{2AF998A5-81AF-4078-874A-4E7F8C5AD248} = {756856BF-3E0E-4B95-A260-C57979EFE735}
		{F986A39E-CB05-44CF-AC52-03FA624DB0CE} = {756856BF-3E0E-4B95-A260-C57979EFE735}
		{6F4F79D6-0A86-49A8-B9C1-90AEB840B44E} = {756856BF-3E0E-4B95-A260-C57979EFE735}
		{040E7CE6-8E24-49AC-8CD9-36AD7CE86E7B} = {756856BF-3E0E-4B95-A260-C57979EFE735}
		{FD371C6B-74F8-4BAA-9AE0-8BDB634DB606} = {756856BF-3E0E-4B95-A260-C57979EFE735}
		{21A044F3-B5AA-466B-9E61-D85ECCF119A7} = {756856BF-3E0E-4B95-A260-C57979EFE735}
		{A9BD9E52-4808-4B9A-A339-C06319CE9D00} = {756856BF-3E0E-4B95-A260-C57979EFE735}
		{CD3B9633-BB89-4F2E-8489-930E1F5D6AC1} = {756856BF-3E0E-4B95-A260-C57979EFE735}
		{8D0CF92E-C0E2-4BD4-B33C-82E0176AFA10} = {756856BF-3E0E-4B95-A260-C57979EFE735}
		{6E63B6E9-1CF7-4127-94CA-C54F7DF157C9} = {756856BF-3E0E-4B95-A260-C57979EFE735}
		{3680002F-CCD1-4F39-83AB-57696F8B015F} = {756856BF-3E0E-4B95-A260-C57979EFE735}
		{B5020D82-D569-4B4B-AFA6-9F7AC1ED0736} = {756856BF-3E0E-4B95-A260-C57979EFE735}
		{8434157D-CB10-47F5-9F4E-95B8D4D76267} = {756856BF-3E0E-4B95-A260-C57979EFE735}
		{CE9A2BE3-8106-49AC-B442-CB1959005638} = {756856BF-3E0E-4B95-A260-C57979EFE735}
		{F3EB38DF-0A14-443D-9E3E-872A468CA25B} = {756856BF-3E0E-4B95-A260-C57979EFE735}
		{9BA54E4C-F18F-4223-AE8B-743830A38E50} = {756856BF-3E0E-4B95-A260-C57979EFE735}
		{C8A7C275-E2C1-448B-8D2B-6E9B438B9FFF} = {756856BF-3E0E-4B95-A260-C57979EFE735}
		{D561120F-C787-4F7A-82BE-D4356F80D68B} = {756856BF-3E0E-4B95-A260-C57979EFE735}
		{FACB4173-95D2-4DD9-BD2E-A1D2DEDFE279} = {756856BF-3E0E-4B95-A260-C57979EFE735}
		{4F968315-52BD-4AF6-B7B4-338B52227C7E} = {756856BF-3E0E-4B95-A260-C57979EFE735}
		{40763E6C-475B-472E-989E-DDF1EF4642F0} = {756856BF-3E0E-4B95-A260-C57979EFE735}
		{CB51B6EE-8BA5-4839-9A8A-401172E42E92} = {756856BF-3E0E-4B95-A260-C57979EFE735}
		{491832FB-1039-46BA-B70A-74122E49693C} = {756856BF-3E0E-4B95-A260-C57979EFE735}
		{6D9209E9-560C-4DC0-A577-894D32A0C983} = {756856BF-3E0E-4B95-A260-C57979EFE735}
	EndGlobalSection
	GlobalSection(ExtensibilityGlobals) = postSolution
		SolutionGuid = {154FEDD7-87C3-45C1-9F74-042B4DF2D2B3}
	EndGlobalSection
EndGlobal
